
Microsoft Visual Studio Solution File, Format Version 12.00
# Visual Studio Version 16
VisualStudioVersion = 16.0.29009.5
MinimumVisualStudioVersion = 10.0.40219.1
Project("{FAE04EC0-301F-11D3-BF4B-00C04F79EFBC}") = "ActionFunc2", "ActionFunc2\ActionFunc2.csproj", "{1FE77011-E3E7-456E-964B-8E253804050B}"
EndProject
Global
	GlobalSection(SolutionConfigurationPlatforms) = preSolution
		Debug|Any CPU = Debug|Any CPU
		Release|Any CPU = Release|Any CPU
	EndGlobalSection
	GlobalSection(ProjectConfigurationPlatforms) = postSolution
		{1FE77011-E3E7-456E-964B-8E253804050B}.Debug|Any CPU.ActiveCfg = Debug|Any CPU
		{1FE77011-E3E7-456E-964B-8E253804050B}.Debug|Any CPU.Build.0 = Debug|Any CPU
		{1FE77011-E3E7-456E-964B-8E253804050B}.Release|Any CPU.ActiveCfg = Release|Any CPU
		{1FE77011-E3E7-456E-964B-8E253804050B}.Release|Any CPU.Build.0 = Release|Any CPU
	EndGlobalSection
	GlobalSection(SolutionProperties) = preSolution
		HideSolutionNode = FALSE
	EndGlobalSection
	GlobalSection(ExtensibilityGlobals) = postSolution
		SolutionGuid = {20871149-4232-4CD6-AB98-C4239F0ABCF3}
	EndGlobalSection
EndGlobal
